{
  "nodes": {
    "nixpkgs": {
      "locked": {
        "lastModified": 1783851653,
        "narHash": "sha256-/0azO7t8xVjagO8XimmgPV5mGWs6wXwvPiiCMp60QF4=",
        "owner": "nixos",
        "repo": "nixpkgs",
        "rev": "1a5e7bf73b14a7abfbd7e5af28b349e1d54b4982",
        "type": "github"
      },
      "original": {
        "owner": "nixos",
        "ref": "master",
        "repo": "nixpkgs",
        "type": "github"
      }
    },
    "root": {
      "inputs": {
        "nixpkgs": "nixpkgs"
      }
    }
  },
  "root": "root",
  "version": 7
}
