{
  "nodes": {
    "nixpkgs": {
      "locked": {
        "lastModified": 1780645020,
        "narHash": "sha256-Lf8eywK7OPRaDBmbTxAnMWSmdoj1yOYGgKIwlWWBZI4=",
        "owner": "nixos",
        "repo": "nixpkgs",
        "rev": "c45d6cdbe7ffaab404f2bb6e231b17b1b8ff5d5c",
        "type": "github"
      },
      "original": {
        "owner": "nixos",
        "ref": "master",
        "repo": "nixpkgs",
        "type": "github"
      }
    },
    "root": {
      "inputs": {
        "nixpkgs": "nixpkgs"
      }
    }
  },
  "root": "root",
  "version": 7
}
